
Microsoft Visual Studio Solution File, Format Version 12.00
# Visual Studio Version 17
VisualStudioVersion = 17.11.35005.142
MinimumVisualStudioVersion = 10.0.40219.1
Project("{FAE04EC0-301F-11D3-BF4B-00C04F79EFBC}") = "Chess", "Chess\Chess.csproj", "{F86D350F-EC5A-4D3B-BED3-EB2B6BB001E5}"
EndProject
Global
	GlobalSection(SolutionConfigurationPlatforms) = preSolution
		Debug|Any CPU = Debug|Any CPU
		Release|Any CPU = Release|Any CPU
	EndGlobalSection
	GlobalSection(ProjectConfigurationPlatforms) = postSolution
		{F86D350F-EC5A-4D3B-BED3-EB2B6BB001E5}.Debug|Any CPU.ActiveCfg = Debug|Any CPU
		{F86D350F-EC5A-4D3B-BED3-EB2B6BB001E5}.Debug|Any CPU.Build.0 = Debug|Any CPU
		{F86D350F-EC5A-4D3B-BED3-EB2B6BB001E5}.Release|Any CPU.ActiveCfg = Release|Any CPU
		{F86D350F-EC5A-4D3B-BED3-EB2B6BB001E5}.Release|Any CPU.Build.0 = Release|Any CPU
	EndGlobalSection
	GlobalSection(SolutionProperties) = preSolution
		HideSolutionNode = FALSE
	EndGlobalSection
	GlobalSection(ExtensibilityGlobals) = postSolution
		SolutionGuid = {D42D3F37-8BB7-451B-80BC-3C223FD9E534}
	EndGlobalSection
EndGlobal
